// !$*UTF8*$!
{
	archiveVersion = 1;
	classes = {
	};
	objectVersion = 54;
	objects = {

/* Begin PBXBuildFile section */
		00E356F31AD99517003FC87E /* SimpleNewsTests.m in Sources */ = {isa = PBXBuildFile; fileRef = 00E356F21AD99517003FC87E /* SimpleNewsTests.m */; };
		0150AFC4D0A64F67A93CE761 /* FuturaPTCondBoldOblique.otf in Resources */ = {isa = PBXBuildFile; fileRef = D0151A2ECB184F3491A6988E /* FuturaPTCondBoldOblique.otf */; };
		0B2713D9C13E45ECB2C00250 /* FuturaPTCondExtraBold.otf in Resources */ = {isa = PBXBuildFile; fileRef = B4259F11D4F142F48528E711 /* FuturaPTCondExtraBold.otf */; };
		0C80B921A6F3F58F76C31292 /* libPods-SimpleNews.a in Frameworks */ = {isa = PBXBuildFile; fileRef = 5DCACB8F33CDC322A6C60F78 /* libPods-SimpleNews.a */; };
		13B07FBC1A68108700A75B9A /* AppDelegate.mm in Sources */ = {isa = PBXBuildFile; fileRef = 13B07FB01A68108700A75B9A /* AppDelegate.mm */; };
		13B07FBF1A68108700A75B9A /* Images.xcassets in Resources */ = {isa = PBXBuildFile; fileRef = 13B07FB51A68108700A75B9A /* Images.xcassets */; };
		13B07FC11A68108700A75B9A /* main.m in Sources */ = {isa = PBXBuildFile; fileRef = 13B07FB71A68108700A75B9A /* main.m */; };
		1711D72B066848D68EA9E068 /* Futura Condensed Bold.otf in Resources */ = {isa = PBXBuildFile; fileRef = DF15B06CFCF54F0EADFC5B84 /* Futura Condensed Bold.otf */; };
		18F7053329464FEABDE501A5 /* FuturaPTBold.otf in Resources */ = {isa = PBXBuildFile; fileRef = FC6D23C6375C46079647A81B /* FuturaPTBold.otf */; };
		3FD8DB86AAC5494189F084F0 /* FuturaPTExtraBold.otf in Resources */ = {isa = PBXBuildFile; fileRef = B5A514B1DDE0459FBBE2F1C1 /* FuturaPTExtraBold.otf */; };
		4754024C98A045E5BBB81F84 /* FuturaPTLight.otf in Resources */ = {isa = PBXBuildFile; fileRef = B2321BCD38A14355A1072136 /* FuturaPTLight.otf */; };
		54CFB956D5114C26B7532521 /* Futura Condensed Plain.ttf in Resources */ = {isa = PBXBuildFile; fileRef = 83A71330F97C4C14888EC7E8 /* Futura Condensed Plain.ttf */; };
		5AB96E2569274DC49CA10D2B /* FuturaPTHeavyOblique.otf in Resources */ = {isa = PBXBuildFile; fileRef = DF0126F31B4246E0A262C895 /* FuturaPTHeavyOblique.otf */; };
		67851A3C74144DCEBB07E1F5 /* FuturaPTDemiOblique.otf in Resources */ = {isa = PBXBuildFile; fileRef = 67EA53DB32FD47CA83B80F50 /* FuturaPTDemiOblique.otf */; };
		6A53F44CE26E45ADB2D680F8 /* FuturaPTCondBookOblique.otf in Resources */ = {isa = PBXBuildFile; fileRef = 78D35CC231D54E6480A3BE2A /* FuturaPTCondBookOblique.otf */; };
		7488365C75EF4C1C8D8A6EF5 /* FuturaPTLightOblique.otf in Resources */ = {isa = PBXBuildFile; fileRef = DD221724E6FB43C2A538058E /* FuturaPTLightOblique.otf */; };
		74F078785630455EA2B0211E /* FuturaPTCondExtraBoldOblique.otf in Resources */ = {isa = PBXBuildFile; fileRef = C93068A1697D4CAE85FF83B6 /* FuturaPTCondExtraBoldOblique.otf */; };
		7699B88040F8A987B510C191 /* libPods-SimpleNews-SimpleNewsTests.a in Frameworks */ = {isa = PBXBuildFile; fileRef = 19F6CBCC0A4E27FBF8BF4A61 /* libPods-SimpleNews-SimpleNewsTests.a */; };
		76C31B474A534D15A43C33FD /* FuturaPTExtraBoldOblique.otf in Resources */ = {isa = PBXBuildFile; fileRef = 1EF03896ACA14A9CBC9CB43F /* FuturaPTExtraBoldOblique.otf */; };
		80DC168A6C894B2E83FCDF8C /* Futura Condensed Bold Italic.otf in Resources */ = {isa = PBXBuildFile; fileRef = 4C4DE4490F674B43BA8F1D71 /* Futura Condensed Bold Italic.otf */; };
		81874CC974004AC599B76214 /* FuturaPTBookOblique.otf in Resources */ = {isa = PBXBuildFile; fileRef = 1CCA29065E14429C8432B360 /* FuturaPTBookOblique.otf */; };
		81AB9BB82411601600AC10FF /* LaunchScreen.storyboard in Resources */ = {isa = PBXBuildFile; fileRef = 81AB9BB72411601600AC10FF /* LaunchScreen.storyboard */; };
		88AAB0E0AE984C85B7650472 /* Futura Condensed Medium Oblique.otf in Resources */ = {isa = PBXBuildFile; fileRef = 01368A9A44CB4855B65A7F2A /* Futura Condensed Medium Oblique.otf */; };
		8CC07029BAE94C1AA4775DDE /* FuturaPTHeavy.otf in Resources */ = {isa = PBXBuildFile; fileRef = 2A850593C5754723886253E2 /* FuturaPTHeavy.otf */; };
		8D651BF735FB4B24930365B2 /* Futura Condensed Regular.ttf in Resources */ = {isa = PBXBuildFile; fileRef = 55DA47AD53B84ECF8AC4ED03 /* Futura Condensed Regular.ttf */; };
		9AFBD0222DED40E28A8A6B44 /* FuturaPTCondBook.otf in Resources */ = {isa = PBXBuildFile; fileRef = AD873A0A084946F2990C65FA /* FuturaPTCondBook.otf */; };
		AAE4211DD5DD4320AB123A07 /* FuturaPTMediumOblique.otf in Resources */ = {isa = PBXBuildFile; fileRef = 561B72E9563747B9BF99A8A7 /* FuturaPTMediumOblique.otf */; };
		AF039D91D51B47AA9C71DE49 /* Futura Condensed Bold Oblique.otf in Resources */ = {isa = PBXBuildFile; fileRef = 2D11F79F77944FC7AA67F8B4 /* Futura Condensed Bold Oblique.otf */; };
		BABA2F2E4CE64F359777A97C /* FuturaPTBoldOblique.otf in Resources */ = {isa = PBXBuildFile; fileRef = DAA1A8BBBA5E476BB5E12B47 /* FuturaPTBoldOblique.otf */; };
		C128974EE64A49C4A2A51C54 /* FuturaPTCondBold.otf in Resources */ = {isa = PBXBuildFile; fileRef = C22606E3A59147458FD1DB68 /* FuturaPTCondBold.otf */; };
		C8071E2429CC5E7DFB9E7058 /* PrivacyInfo.xcprivacy in Resources */ = {isa = PBXBuildFile; fileRef = 43AD50D578CA036C488E9D71 /* PrivacyInfo.xcprivacy */; };
		DD3DC0030C3A49A8B1037772 /* FuturaPTDemi.otf in Resources */ = {isa = PBXBuildFile; fileRef = 5432499F3384455BBF81B7C3 /* FuturaPTDemi.otf */; };
		E2BB912AC29E4CF398D0E8B6 /* FuturaPTCondMedium.otf in Resources */ = {isa = PBXBuildFile; fileRef = E3A558C09D614D4FAA883143 /* FuturaPTCondMedium.otf */; };
		E7BBF627E8A94D7B931CC82D /* Futura Condensed Medium.otf in Resources */ = {isa = PBXBuildFile; fileRef = F4BF034D63CE4AF4A53E2A4C /* Futura Condensed Medium.otf */; };
		EB5DA7E37F6F4F229BAF6FE3 /* FuturaPTBook.otf in Resources */ = {isa = PBXBuildFile; fileRef = 3576EA998A8744779D22FBE9 /* FuturaPTBook.otf */; };
		EF43201B4DE347D6B0034C94 /* FuturaPTCondMediumOblique.otf in Resources */ = {isa = PBXBuildFile; fileRef = 33E9B20070FA4EF2A4D8F28C /* FuturaPTCondMediumOblique.otf */; };
		FF7BE626C741453793ADB319 /* FuturaPTMedium.otf in Resources */ = {isa = PBXBuildFile; fileRef = 9EBEB3E208554751975EE29A /* FuturaPTMedium.otf */; };
		1A15F2DF9AB6479693BC5862 /* BootSplash.storyboard in Resources */ = {isa = PBXBuildFile; fileRef = 4D9C84114EAA4C6A972CC009 /* BootSplash.storyboard */; };
/* End PBXBuildFile section */

/* Begin PBXContainerItemProxy section */
		00E356F41AD99517003FC87E /* PBXContainerItemProxy */ = {
			isa = PBXContainerItemProxy;
			containerPortal = 83CBB9F71A601CBA00E9B192 /* Project object */;
			proxyType = 1;
			remoteGlobalIDString = 13B07F861A680F5B00A75B9A;
			remoteInfo = SimpleNews;
		};
/* End PBXContainerItemProxy section */

/* Begin PBXFileReference section */
		00E356EE1AD99517003FC87E /* SimpleNewsTests.xctest */ = {isa = PBXFileReference; explicitFileType = wrapper.cfbundle; includeInIndex = 0; path = SimpleNewsTests.xctest; sourceTree = BUILT_PRODUCTS_DIR; };
		00E356F11AD99517003FC87E /* Info.plist */ = {isa = PBXFileReference; lastKnownFileType = text.plist.xml; path = Info.plist; sourceTree = "<group>"; };
		00E356F21AD99517003FC87E /* SimpleNewsTests.m */ = {isa = PBXFileReference; lastKnownFileType = sourcecode.c.objc; path = SimpleNewsTests.m; sourceTree = "<group>"; };
		01368A9A44CB4855B65A7F2A /* Futura Condensed Medium Oblique.otf */ = {isa = PBXFileReference; explicitFileType = undefined; fileEncoding = undefined; includeInIndex = 0; lastKnownFileType = unknown; name = "Futura Condensed Medium Oblique.otf"; path = "../assets/fonts/Futura Condensed/Futura Condensed Medium Oblique.otf"; sourceTree = "<group>"; };
		13B07F961A680F5B00A75B9A /* SimpleNews.app */ = {isa = PBXFileReference; explicitFileType = wrapper.application; includeInIndex = 0; path = SimpleNews.app; sourceTree = BUILT_PRODUCTS_DIR; };
		13B07FAF1A68108700A75B9A /* AppDelegate.h */ = {isa = PBXFileReference; fileEncoding = 4; lastKnownFileType = sourcecode.c.h; name = AppDelegate.h; path = SimpleNews/AppDelegate.h; sourceTree = "<group>"; };
		13B07FB01A68108700A75B9A /* AppDelegate.mm */ = {isa = PBXFileReference; fileEncoding = 4; lastKnownFileType = sourcecode.cpp.objcpp; name = AppDelegate.mm; path = SimpleNews/AppDelegate.mm; sourceTree = "<group>"; };
		13B07FB51A68108700A75B9A /* Images.xcassets */ = {isa = PBXFileReference; lastKnownFileType = folder.assetcatalog; name = Images.xcassets; path = SimpleNews/Images.xcassets; sourceTree = "<group>"; };
		13B07FB61A68108700A75B9A /* Info.plist */ = {isa = PBXFileReference; fileEncoding = 4; lastKnownFileType = text.plist.xml; name = Info.plist; path = SimpleNews/Info.plist; sourceTree = "<group>"; };
		13B07FB71A68108700A75B9A /* main.m */ = {isa = PBXFileReference; fileEncoding = 4; lastKnownFileType = sourcecode.c.objc; name = main.m; path = SimpleNews/main.m; sourceTree = "<group>"; };
		13B07FB81A68108700A75B9A /* PrivacyInfo.xcprivacy */ = {isa = PBXFileReference; fileEncoding = 4; lastKnownFileType = text.plist.xml; name = PrivacyInfo.xcprivacy; path = SimpleNews/PrivacyInfo.xcprivacy; sourceTree = "<group>"; };
		19F6CBCC0A4E27FBF8BF4A61 /* libPods-SimpleNews-SimpleNewsTests.a */ = {isa = PBXFileReference; explicitFileType = archive.ar; includeInIndex = 0; path = "libPods-SimpleNews-SimpleNewsTests.a"; sourceTree = BUILT_PRODUCTS_DIR; };
		1CCA29065E14429C8432B360 /* FuturaPTBookOblique.otf */ = {isa = PBXFileReference; explicitFileType = undefined; fileEncoding = undefined; includeInIndex = 0; lastKnownFileType = unknown; name = FuturaPTBookOblique.otf; path = ../assets/fonts/Futura/FuturaPTBookOblique.otf; sourceTree = "<group>"; };
		1EF03896ACA14A9CBC9CB43F /* FuturaPTExtraBoldOblique.otf */ = {isa = PBXFileReference; explicitFileType = undefined; fileEncoding = undefined; includeInIndex = 0; lastKnownFileType = unknown; name = FuturaPTExtraBoldOblique.otf; path = ../assets/fonts/Futura/FuturaPTExtraBoldOblique.otf; sourceTree = "<group>"; };
		2A850593C5754723886253E2 /* FuturaPTHeavy.otf */ = {isa = PBXFileReference; explicitFileType = undefined; fileEncoding = undefined; includeInIndex = 0; lastKnownFileType = unknown; name = FuturaPTHeavy.otf; path = ../assets/fonts/Futura/FuturaPTHeavy.otf; sourceTree = "<group>"; };
		2D11F79F77944FC7AA67F8B4 /* Futura Condensed Bold Oblique.otf */ = {isa = PBXFileReference; explicitFileType = undefined; fileEncoding = undefined; includeInIndex = 0; lastKnownFileType = unknown; name = "Futura Condensed Bold Oblique.otf"; path = "../assets/fonts/Futura Condensed/Futura Condensed Bold Oblique.otf"; sourceTree = "<group>"; };
		33E9B20070FA4EF2A4D8F28C /* FuturaPTCondMediumOblique.otf */ = {isa = PBXFileReference; explicitFileType = undefined; fileEncoding = undefined; includeInIndex = 0; lastKnownFileType = unknown; name = FuturaPTCondMediumOblique.otf; path = ../assets/fonts/Futura/FuturaPTCondMediumOblique.otf; sourceTree = "<group>"; };
		3576EA998A8744779D22FBE9 /* FuturaPTBook.otf */ = {isa = PBXFileReference; explicitFileType = undefined; fileEncoding = undefined; includeInIndex = 0; lastKnownFileType = unknown; name = FuturaPTBook.otf; path = ../assets/fonts/Futura/FuturaPTBook.otf; sourceTree = "<group>"; };
		3B4392A12AC88292D35C810B /* Pods-SimpleNews.debug.xcconfig */ = {isa = PBXFileReference; includeInIndex = 1; lastKnownFileType = text.xcconfig; name = "Pods-SimpleNews.debug.xcconfig"; path = "Target Support Files/Pods-SimpleNews/Pods-SimpleNews.debug.xcconfig"; sourceTree = "<group>"; };
		43AD50D578CA036C488E9D71 /* PrivacyInfo.xcprivacy */ = {isa = PBXFileReference; includeInIndex = 1; lastKnownFileType = text.xml; name = PrivacyInfo.xcprivacy; path = SimpleNews/PrivacyInfo.xcprivacy; sourceTree = "<group>"; };
		4C4DE4490F674B43BA8F1D71 /* Futura Condensed Bold Italic.otf */ = {isa = PBXFileReference; explicitFileType = undefined; fileEncoding = undefined; includeInIndex = 0; lastKnownFileType = unknown; name = "Futura Condensed Bold Italic.otf"; path = "../assets/fonts/Futura Condensed/Futura Condensed Bold Italic.otf"; sourceTree = "<group>"; };
		5432499F3384455BBF81B7C3 /* FuturaPTDemi.otf */ = {isa = PBXFileReference; explicitFileType = undefined; fileEncoding = undefined; includeInIndex = 0; lastKnownFileType = unknown; name = FuturaPTDemi.otf; path = ../assets/fonts/Futura/FuturaPTDemi.otf; sourceTree = "<group>"; };
		55DA47AD53B84ECF8AC4ED03 /* Futura Condensed Regular.ttf */ = {isa = PBXFileReference; explicitFileType = undefined; fileEncoding = undefined; includeInIndex = 0; lastKnownFileType = unknown; name = "Futura Condensed Regular.ttf"; path = "../assets/fonts/Futura Condensed/Futura Condensed Regular.ttf"; sourceTree = "<group>"; };
		561B72E9563747B9BF99A8A7 /* FuturaPTMediumOblique.otf */ = {isa = PBXFileReference; explicitFileType = undefined; fileEncoding = undefined; includeInIndex = 0; lastKnownFileType = unknown; name = FuturaPTMediumOblique.otf; path = ../assets/fonts/Futura/FuturaPTMediumOblique.otf; sourceTree = "<group>"; };
		5709B34CF0A7D63546082F79 /* Pods-SimpleNews.release.xcconfig */ = {isa = PBXFileReference; includeInIndex = 1; lastKnownFileType = text.xcconfig; name = "Pods-SimpleNews.release.xcconfig"; path = "Target Support Files/Pods-SimpleNews/Pods-SimpleNews.release.xcconfig"; sourceTree = "<group>"; };
		5B7EB9410499542E8C5724F5 /* Pods-SimpleNews-SimpleNewsTests.debug.xcconfig */ = {isa = PBXFileReference; includeInIndex = 1; lastKnownFileType = text.xcconfig; name = "Pods-SimpleNews-SimpleNewsTests.debug.xcconfig"; path = "Target Support Files/Pods-SimpleNews-SimpleNewsTests/Pods-SimpleNews-SimpleNewsTests.debug.xcconfig"; sourceTree = "<group>"; };
		5DCACB8F33CDC322A6C60F78 /* libPods-SimpleNews.a */ = {isa = PBXFileReference; explicitFileType = archive.ar; includeInIndex = 0; path = "libPods-SimpleNews.a"; sourceTree = BUILT_PRODUCTS_DIR; };
		67EA53DB32FD47CA83B80F50 /* FuturaPTDemiOblique.otf */ = {isa = PBXFileReference; explicitFileType = undefined; fileEncoding = undefined; includeInIndex = 0; lastKnownFileType = unknown; name = FuturaPTDemiOblique.otf; path = ../assets/fonts/Futura/FuturaPTDemiOblique.otf; sourceTree = "<group>"; };
		78D35CC231D54E6480A3BE2A /* FuturaPTCondBookOblique.otf */ = {isa = PBXFileReference; explicitFileType = undefined; fileEncoding = undefined; includeInIndex = 0; lastKnownFileType = unknown; name = FuturaPTCondBookOblique.otf; path = ../assets/fonts/Futura/FuturaPTCondBookOblique.otf; sourceTree = "<group>"; };
		81AB9BB72411601600AC10FF /* LaunchScreen.storyboard */ = {isa = PBXFileReference; fileEncoding = 4; lastKnownFileType = file.storyboard; name = LaunchScreen.storyboard; path = SimpleNews/LaunchScreen.storyboard; sourceTree = "<group>"; };
		83A71330F97C4C14888EC7E8 /* Futura Condensed Plain.ttf */ = {isa = PBXFileReference; explicitFileType = undefined; fileEncoding = undefined; includeInIndex = 0; lastKnownFileType = unknown; name = "Futura Condensed Plain.ttf"; path = "../assets/fonts/Futura Condensed/Futura Condensed Plain.ttf"; sourceTree = "<group>"; };
		89C6BE57DB24E9ADA2F236DE /* Pods-SimpleNews-SimpleNewsTests.release.xcconfig */ = {isa = PBXFileReference; includeInIndex = 1; lastKnownFileType = text.xcconfig; name = "Pods-SimpleNews-SimpleNewsTests.release.xcconfig"; path = "Target Support Files/Pods-SimpleNews-SimpleNewsTests/Pods-SimpleNews-SimpleNewsTests.release.xcconfig"; sourceTree = "<group>"; };
		9EBEB3E208554751975EE29A /* FuturaPTMedium.otf */ = {isa = PBXFileReference; explicitFileType = undefined; fileEncoding = undefined; includeInIndex = 0; lastKnownFileType = unknown; name = FuturaPTMedium.otf; path = ../assets/fonts/Futura/FuturaPTMedium.otf; sourceTree = "<group>"; };
		AD873A0A084946F2990C65FA /* FuturaPTCondBook.otf */ = {isa = PBXFileReference; explicitFileType = undefined; fileEncoding = undefined; includeInIndex = 0; lastKnownFileType = unknown; name = FuturaPTCondBook.otf; path = ../assets/fonts/Futura/FuturaPTCondBook.otf; sourceTree = "<group>"; };
		B2321BCD38A14355A1072136 /* FuturaPTLight.otf */ = {isa = PBXFileReference; explicitFileType = undefined; fileEncoding = undefined; includeInIndex = 0; lastKnownFileType = unknown; name = FuturaPTLight.otf; path = ../assets/fonts/Futura/FuturaPTLight.otf; sourceTree = "<group>"; };
		B4259F11D4F142F48528E711 /* FuturaPTCondExtraBold.otf */ = {isa = PBXFileReference; explicitFileType = undefined; fileEncoding = undefined; includeInIndex = 0; lastKnownFileType = unknown; name = FuturaPTCondExtraBold.otf; path = ../assets/fonts/Futura/FuturaPTCondExtraBold.otf; sourceTree = "<group>"; };
		B5A514B1DDE0459FBBE2F1C1 /* FuturaPTExtraBold.otf */ = {isa = PBXFileReference; explicitFileType = undefined; fileEncoding = undefined; includeInIndex = 0; lastKnownFileType = unknown; name = FuturaPTExtraBold.otf; path = ../assets/fonts/Futura/FuturaPTExtraBold.otf; sourceTree = "<group>"; };
		C22606E3A59147458FD1DB68 /* FuturaPTCondBold.otf */ = {isa = PBXFileReference; explicitFileType = undefined; fileEncoding = undefined; includeInIndex = 0; lastKnownFileType = unknown; name = FuturaPTCondBold.otf; path = ../assets/fonts/Futura/FuturaPTCondBold.otf; sourceTree = "<group>"; };
		C93068A1697D4CAE85FF83B6 /* FuturaPTCondExtraBoldOblique.otf */ = {isa = PBXFileReference; explicitFileType = undefined; fileEncoding = undefined; includeInIndex = 0; lastKnownFileType = unknown; name = FuturaPTCondExtraBoldOblique.otf; path = ../assets/fonts/Futura/FuturaPTCondExtraBoldOblique.otf; sourceTree = "<group>"; };
		D0151A2ECB184F3491A6988E /* FuturaPTCondBoldOblique.otf */ = {isa = PBXFileReference; explicitFileType = undefined; fileEncoding = undefined; includeInIndex = 0; lastKnownFileType = unknown; name = FuturaPTCondBoldOblique.otf; path = ../assets/fonts/Futura/FuturaPTCondBoldOblique.otf; sourceTree = "<group>"; };
		DAA1A8BBBA5E476BB5E12B47 /* FuturaPTBoldOblique.otf */ = {isa = PBXFileReference; explicitFileType = undefined; fileEncoding = undefined; includeInIndex = 0; lastKnownFileType = unknown; name = FuturaPTBoldOblique.otf; path = ../assets/fonts/Futura/FuturaPTBoldOblique.otf; sourceTree = "<group>"; };
		DD221724E6FB43C2A538058E /* FuturaPTLightOblique.otf */ = {isa = PBXFileReference; explicitFileType = undefined; fileEncoding = undefined; includeInIndex = 0; lastKnownFileType = unknown; name = FuturaPTLightOblique.otf; path = ../assets/fonts/Futura/FuturaPTLightOblique.otf; sourceTree = "<group>"; };
		DF0126F31B4246E0A262C895 /* FuturaPTHeavyOblique.otf */ = {isa = PBXFileReference; explicitFileType = undefined; fileEncoding = undefined; includeInIndex = 0; lastKnownFileType = unknown; name = FuturaPTHeavyOblique.otf; path = ../assets/fonts/Futura/FuturaPTHeavyOblique.otf; sourceTree = "<group>"; };
		DF15B06CFCF54F0EADFC5B84 /* Futura Condensed Bold.otf */ = {isa = PBXFileReference; explicitFileType = undefined; fileEncoding = undefined; includeInIndex = 0; lastKnownFileType = unknown; name = "Futura Condensed Bold.otf"; path = "../assets/fonts/Futura Condensed/Futura Condensed Bold.otf"; sourceTree = "<group>"; };
		E3A558C09D614D4FAA883143 /* FuturaPTCondMedium.otf */ = {isa = PBXFileReference; explicitFileType = undefined; fileEncoding = undefined; includeInIndex = 0; lastKnownFileType = unknown; name = FuturaPTCondMedium.otf; path = ../assets/fonts/Futura/FuturaPTCondMedium.otf; sourceTree = "<group>"; };
		ED297162215061F000B7C4FE /* JavaScriptCore.framework */ = {isa = PBXFileReference; lastKnownFileType = wrapper.framework; name = JavaScriptCore.framework; path = System/Library/Frameworks/JavaScriptCore.framework; sourceTree = SDKROOT; };
		F4BF034D63CE4AF4A53E2A4C /* Futura Condensed Medium.otf */ = {isa = PBXFileReference; explicitFileType = undefined; fileEncoding = undefined; includeInIndex = 0; lastKnownFileType = unknown; name = "Futura Condensed Medium.otf"; path = "../assets/fonts/Futura Condensed/Futura Condensed Medium.otf"; sourceTree = "<group>"; };
		FC6D23C6375C46079647A81B /* FuturaPTBold.otf */ = {isa = PBXFileReference; explicitFileType = undefined; fileEncoding = undefined; includeInIndex = 0; lastKnownFileType = unknown; name = FuturaPTBold.otf; path = ../assets/fonts/Futura/FuturaPTBold.otf; sourceTree = "<group>"; };
		4D9C84114EAA4C6A972CC009 /* BootSplash.storyboard */ = {isa = PBXFileReference; name = "BootSplash.storyboard"; path = "SimpleNews/BootSplash.storyboard"; sourceTree = "<group>"; fileEncoding = undefined; lastKnownFileType = unknown; explicitFileType = undefined; includeInIndex = 0; };
/* End PBXFileReference section */

/* Begin PBXFrameworksBuildPhase section */
		00E356EB1AD99517003FC87E /* Frameworks */ = {
			isa = PBXFrameworksBuildPhase;
			buildActionMask = 2147483647;
			files = (
				7699B88040F8A987B510C191 /* libPods-SimpleNews-SimpleNewsTests.a in Frameworks */,
			);
			runOnlyForDeploymentPostprocessing = 0;
		};
		13B07F8C1A680F5B00A75B9A /* Frameworks */ = {
			isa = PBXFrameworksBuildPhase;
			buildActionMask = 2147483647;
			files = (
				0C80B921A6F3F58F76C31292 /* libPods-SimpleNews.a in Frameworks */,
			);
			runOnlyForDeploymentPostprocessing = 0;
		};
/* End PBXFrameworksBuildPhase section */

/* Begin PBXGroup section */
		00E356EF1AD99517003FC87E /* SimpleNewsTests */ = {
			isa = PBXGroup;
			children = (
				00E356F21AD99517003FC87E /* SimpleNewsTests.m */,
				00E356F01AD99517003FC87E /* Supporting Files */,
			);
			path = SimpleNewsTests;
			sourceTree = "<group>";
		};
		00E356F01AD99517003FC87E /* Supporting Files */ = {
			isa = PBXGroup;
			children = (
				00E356F11AD99517003FC87E /* Info.plist */,
			);
			name = "Supporting Files";
			sourceTree = "<group>";
		};
		13B07FAE1A68108700A75B9A /* SimpleNews */ = {
			isa = PBXGroup;
			children = (
				13B07FAF1A68108700A75B9A /* AppDelegate.h */,
				13B07FB01A68108700A75B9A /* AppDelegate.mm */,
				13B07FB51A68108700A75B9A /* Images.xcassets */,
				13B07FB61A68108700A75B9A /* Info.plist */,
				81AB9BB72411601600AC10FF /* LaunchScreen.storyboard */,
				13B07FB71A68108700A75B9A /* main.m */,
				13B07FB81A68108700A75B9A /* PrivacyInfo.xcprivacy */,
				43AD50D578CA036C488E9D71 /* PrivacyInfo.xcprivacy */,
				4D9C84114EAA4C6A972CC009 /* BootSplash.storyboard */,
			);
			name = SimpleNews;
			sourceTree = "<group>";
		};
		2D16E6871FA4F8E400B85C8A /* Frameworks */ = {
			isa = PBXGroup;
			children = (
				ED297162215061F000B7C4FE /* JavaScriptCore.framework */,
				5DCACB8F33CDC322A6C60F78 /* libPods-SimpleNews.a */,
				19F6CBCC0A4E27FBF8BF4A61 /* libPods-SimpleNews-SimpleNewsTests.a */,
			);
			name = Frameworks;
			sourceTree = "<group>";
		};
		832341AE1AAA6A7D00B99B32 /* Libraries */ = {
			isa = PBXGroup;
			children = (
			);
			name = Libraries;
			sourceTree = "<group>";
		};
		83CBB9F61A601CBA00E9B192 = {
			isa = PBXGroup;
			children = (
				13B07FAE1A68108700A75B9A /* SimpleNews */,
				832341AE1AAA6A7D00B99B32 /* Libraries */,
				00E356EF1AD99517003FC87E /* SimpleNewsTests */,
				83CBBA001A601CBA00E9B192 /* Products */,
				2D16E6871FA4F8E400B85C8A /* Frameworks */,
				BBD78D7AC51CEA395F1C20DB /* Pods */,
				BF04B713FDC44714AB245551 /* Resources */,
			);
			indentWidth = 2;
			sourceTree = "<group>";
			tabWidth = 2;
			usesTabs = 0;
		};
		83CBBA001A601CBA00E9B192 /* Products */ = {
			isa = PBXGroup;
			children = (
				13B07F961A680F5B00A75B9A /* SimpleNews.app */,
				00E356EE1AD99517003FC87E /* SimpleNewsTests.xctest */,
			);
			name = Products;
			sourceTree = "<group>";
		};
		BBD78D7AC51CEA395F1C20DB /* Pods */ = {
			isa = PBXGroup;
			children = (
				3B4392A12AC88292D35C810B /* Pods-SimpleNews.debug.xcconfig */,
				5709B34CF0A7D63546082F79 /* Pods-SimpleNews.release.xcconfig */,
				5B7EB9410499542E8C5724F5 /* Pods-SimpleNews-SimpleNewsTests.debug.xcconfig */,
				89C6BE57DB24E9ADA2F236DE /* Pods-SimpleNews-SimpleNewsTests.release.xcconfig */,
			);
			path = Pods;
			sourceTree = "<group>";
		};
		BF04B713FDC44714AB245551 /* Resources */ = {
			isa = PBXGroup;
			children = (
				4C4DE4490F674B43BA8F1D71 /* Futura Condensed Bold Italic.otf */,
				2D11F79F77944FC7AA67F8B4 /* Futura Condensed Bold Oblique.otf */,
				DF15B06CFCF54F0EADFC5B84 /* Futura Condensed Bold.otf */,
				01368A9A44CB4855B65A7F2A /* Futura Condensed Medium Oblique.otf */,
				F4BF034D63CE4AF4A53E2A4C /* Futura Condensed Medium.otf */,
				83A71330F97C4C14888EC7E8 /* Futura Condensed Plain.ttf */,
				55DA47AD53B84ECF8AC4ED03 /* Futura Condensed Regular.ttf */,
				FC6D23C6375C46079647A81B /* FuturaPTBold.otf */,
				DAA1A8BBBA5E476BB5E12B47 /* FuturaPTBoldOblique.otf */,
				3576EA998A8744779D22FBE9 /* FuturaPTBook.otf */,
				1CCA29065E14429C8432B360 /* FuturaPTBookOblique.otf */,
				C22606E3A59147458FD1DB68 /* FuturaPTCondBold.otf */,
				D0151A2ECB184F3491A6988E /* FuturaPTCondBoldOblique.otf */,
				AD873A0A084946F2990C65FA /* FuturaPTCondBook.otf */,
				78D35CC231D54E6480A3BE2A /* FuturaPTCondBookOblique.otf */,
				B4259F11D4F142F48528E711 /* FuturaPTCondExtraBold.otf */,
				C93068A1697D4CAE85FF83B6 /* FuturaPTCondExtraBoldOblique.otf */,
				E3A558C09D614D4FAA883143 /* FuturaPTCondMedium.otf */,
				33E9B20070FA4EF2A4D8F28C /* FuturaPTCondMediumOblique.otf */,
				5432499F3384455BBF81B7C3 /* FuturaPTDemi.otf */,
				67EA53DB32FD47CA83B80F50 /* FuturaPTDemiOblique.otf */,
				B5A514B1DDE0459FBBE2F1C1 /* FuturaPTExtraBold.otf */,
				1EF03896ACA14A9CBC9CB43F /* FuturaPTExtraBoldOblique.otf */,
				2A850593C5754723886253E2 /* FuturaPTHeavy.otf */,
				DF0126F31B4246E0A262C895 /* FuturaPTHeavyOblique.otf */,
				B2321BCD38A14355A1072136 /* FuturaPTLight.otf */,
				DD221724E6FB43C2A538058E /* FuturaPTLightOblique.otf */,
				9EBEB3E208554751975EE29A /* FuturaPTMedium.otf */,
				561B72E9563747B9BF99A8A7 /* FuturaPTMediumOblique.otf */,
			);
			name = Resources;
			path = "";
			sourceTree = "<group>";
		};
/* End PBXGroup section */

/* Begin PBXNativeTarget section */
		00E356ED1AD99517003FC87E /* SimpleNewsTests */ = {
			isa = PBXNativeTarget;
			buildConfigurationList = 00E357021AD99517003FC87E /* Build configuration list for PBXNativeTarget "SimpleNewsTests" */;
			buildPhases = (
				A55EABD7B0C7F3A422A6CC61 /* [CP] Check Pods Manifest.lock */,
				00E356EA1AD99517003FC87E /* Sources */,
				00E356EB1AD99517003FC87E /* Frameworks */,
				00E356EC1AD99517003FC87E /* Resources */,
				C59DA0FBD6956966B86A3779 /* [CP] Embed Pods Frameworks */,
				F6A41C54EA430FDDC6A6ED99 /* [CP] Copy Pods Resources */,
			);
			buildRules = (
			);
			dependencies = (
				00E356F51AD99517003FC87E /* PBXTargetDependency */,
			);
			name = SimpleNewsTests;
			productName = SimpleNewsTests;
			productReference = 00E356EE1AD99517003FC87E /* SimpleNewsTests.xctest */;
			productType = "com.apple.product-type.bundle.unit-test";
		};
		13B07F861A680F5B00A75B9A /* SimpleNews */ = {
			isa = PBXNativeTarget;
			buildConfigurationList = 13B07F931A680F5B00A75B9A /* Build configuration list for PBXNativeTarget "SimpleNews" */;
			buildPhases = (
				C38B50BA6285516D6DCD4F65 /* [CP] Check Pods Manifest.lock */,
				13B07F871A680F5B00A75B9A /* Sources */,
				13B07F8C1A680F5B00A75B9A /* Frameworks */,
				13B07F8E1A680F5B00A75B9A /* Resources */,
				00DD1BFF1BD5951E006B06BC /* Bundle React Native code and images */,
				00EEFC60759A1932668264C0 /* [CP] Embed Pods Frameworks */,
				E235C05ADACE081382539298 /* [CP] Copy Pods Resources */,
			);
			buildRules = (
			);
			dependencies = (
			);
			name = SimpleNews;
			productName = SimpleNews;
			productReference = 13B07F961A680F5B00A75B9A /* SimpleNews.app */;
			productType = "com.apple.product-type.application";
		};
/* End PBXNativeTarget section */

/* Begin PBXProject section */
		83CBB9F71A601CBA00E9B192 /* Project object */ = {
			isa = PBXProject;
			attributes = {
				LastUpgradeCheck = 1210;
				TargetAttributes = {
					00E356ED1AD99517003FC87E = {
						CreatedOnToolsVersion = 6.2;
						TestTargetID = 13B07F861A680F5B00A75B9A;
					};
					13B07F861A680F5B00A75B9A = {
						LastSwiftMigration = 1120;
					};
				};
			};
			buildConfigurationList = 83CBB9FA1A601CBA00E9B192 /* Build configuration list for PBXProject "SimpleNews" */;
			compatibilityVersion = "Xcode 12.0";
			developmentRegion = en;
			hasScannedForEncodings = 0;
			knownRegions = (
				en,
				Base,
			);
			mainGroup = 83CBB9F61A601CBA00E9B192;
			productRefGroup = 83CBBA001A601CBA00E9B192 /* Products */;
			projectDirPath = "";
			projectRoot = "";
			targets = (
				13B07F861A680F5B00A75B9A /* SimpleNews */,
				00E356ED1AD99517003FC87E /* SimpleNewsTests */,
			);
		};
/* End PBXProject section */

/* Begin PBXResourcesBuildPhase section */
		00E356EC1AD99517003FC87E /* Resources */ = {
			isa = PBXResourcesBuildPhase;
			buildActionMask = 2147483647;
			files = (
			);
			runOnlyForDeploymentPostprocessing = 0;
		};
		13B07F8E1A680F5B00A75B9A /* Resources */ = {
			isa = PBXResourcesBuildPhase;
			buildActionMask = 2147483647;
			files = (
				81AB9BB82411601600AC10FF /* LaunchScreen.storyboard in Resources */,
				13B07FBF1A68108700A75B9A /* Images.xcassets in Resources */,
				C8071E2429CC5E7DFB9E7058 /* PrivacyInfo.xcprivacy in Resources */,
				80DC168A6C894B2E83FCDF8C /* Futura Condensed Bold Italic.otf in Resources */,
				AF039D91D51B47AA9C71DE49 /* Futura Condensed Bold Oblique.otf in Resources */,
				1711D72B066848D68EA9E068 /* Futura Condensed Bold.otf in Resources */,
				88AAB0E0AE984C85B7650472 /* Futura Condensed Medium Oblique.otf in Resources */,
				E7BBF627E8A94D7B931CC82D /* Futura Condensed Medium.otf in Resources */,
				54CFB956D5114C26B7532521 /* Futura Condensed Plain.ttf in Resources */,
				8D651BF735FB4B24930365B2 /* Futura Condensed Regular.ttf in Resources */,
				18F7053329464FEABDE501A5 /* FuturaPTBold.otf in Resources */,
				BABA2F2E4CE64F359777A97C /* FuturaPTBoldOblique.otf in Resources */,
				EB5DA7E37F6F4F229BAF6FE3 /* FuturaPTBook.otf in Resources */,
				81874CC974004AC599B76214 /* FuturaPTBookOblique.otf in Resources */,
				C128974EE64A49C4A2A51C54 /* FuturaPTCondBold.otf in Resources */,
				0150AFC4D0A64F67A93CE761 /* FuturaPTCondBoldOblique.otf in Resources */,
				9AFBD0222DED40E28A8A6B44 /* FuturaPTCondBook.otf in Resources */,
				6A53F44CE26E45ADB2D680F8 /* FuturaPTCondBookOblique.otf in Resources */,
				0B2713D9C13E45ECB2C00250 /* FuturaPTCondExtraBold.otf in Resources */,
				74F078785630455EA2B0211E /* FuturaPTCondExtraBoldOblique.otf in Resources */,
				E2BB912AC29E4CF398D0E8B6 /* FuturaPTCondMedium.otf in Resources */,
				EF43201B4DE347D6B0034C94 /* FuturaPTCondMediumOblique.otf in Resources */,
				DD3DC0030C3A49A8B1037772 /* FuturaPTDemi.otf in Resources */,
				67851A3C74144DCEBB07E1F5 /* FuturaPTDemiOblique.otf in Resources */,
				3FD8DB86AAC5494189F084F0 /* FuturaPTExtraBold.otf in Resources */,
				76C31B474A534D15A43C33FD /* FuturaPTExtraBoldOblique.otf in Resources */,
				8CC07029BAE94C1AA4775DDE /* FuturaPTHeavy.otf in Resources */,
				5AB96E2569274DC49CA10D2B /* FuturaPTHeavyOblique.otf in Resources */,
				4754024C98A045E5BBB81F84 /* FuturaPTLight.otf in Resources */,
				7488365C75EF4C1C8D8A6EF5 /* FuturaPTLightOblique.otf in Resources */,
				FF7BE626C741453793ADB319 /* FuturaPTMedium.otf in Resources */,
				AAE4211DD5DD4320AB123A07 /* FuturaPTMediumOblique.otf in Resources */,
				1A15F2DF9AB6479693BC5862 /* BootSplash.storyboard in Resources */,
			);
			runOnlyForDeploymentPostprocessing = 0;
		};
/* End PBXResourcesBuildPhase section */

/* Begin PBXShellScriptBuildPhase section */
		00DD1BFF1BD5951E006B06BC /* Bundle React Native code and images */ = {
			isa = PBXShellScriptBuildPhase;
			buildActionMask = 2147483647;
			files = (
			);
			inputPaths = (
				"$(SRCROOT)/.xcode.env.local",
				"$(SRCROOT)/.xcode.env",
			);
			name = "Bundle React Native code and images";
			outputPaths = (
			);
			runOnlyForDeploymentPostprocessing = 0;
			shellPath = /bin/sh;
			shellScript = "set -e\n\nWITH_ENVIRONMENT=\"$REACT_NATIVE_PATH/scripts/xcode/with-environment.sh\"\nREACT_NATIVE_XCODE=\"$REACT_NATIVE_PATH/scripts/react-native-xcode.sh\"\n\n/bin/sh -c \"$WITH_ENVIRONMENT $REACT_NATIVE_XCODE\"\n";
		};
		00EEFC60759A1932668264C0 /* [CP] Embed Pods Frameworks */ = {
			isa = PBXShellScriptBuildPhase;
			buildActionMask = 2147483647;
			files = (
			);
			inputFileListPaths = (
				"${PODS_ROOT}/Target Support Files/Pods-SimpleNews/Pods-SimpleNews-frameworks-${CONFIGURATION}-input-files.xcfilelist",
			);
			name = "[CP] Embed Pods Frameworks";
			outputFileListPaths = (
				"${PODS_ROOT}/Target Support Files/Pods-SimpleNews/Pods-SimpleNews-frameworks-${CONFIGURATION}-output-files.xcfilelist",
			);
			runOnlyForDeploymentPostprocessing = 0;
			shellPath = /bin/sh;
			shellScript = "\"${PODS_ROOT}/Target Support Files/Pods-SimpleNews/Pods-SimpleNews-frameworks.sh\"\n";
			showEnvVarsInLog = 0;
		};
		A55EABD7B0C7F3A422A6CC61 /* [CP] Check Pods Manifest.lock */ = {
			isa = PBXShellScriptBuildPhase;
			buildActionMask = 2147483647;
			files = (
			);
			inputFileListPaths = (
			);
			inputPaths = (
				"${PODS_PODFILE_DIR_PATH}/Podfile.lock",
				"${PODS_ROOT}/Manifest.lock",
			);
			name = "[CP] Check Pods Manifest.lock";
			outputFileListPaths = (
			);
			outputPaths = (
				"$(DERIVED_FILE_DIR)/Pods-SimpleNews-SimpleNewsTests-checkManifestLockResult.txt",
			);
			runOnlyForDeploymentPostprocessing = 0;
			shellPath = /bin/sh;
			shellScript = "diff \"${PODS_PODFILE_DIR_PATH}/Podfile.lock\" \"${PODS_ROOT}/Manifest.lock\" > /dev/null\nif [ $? != 0 ] ; then\n    # print error to STDERR\n    echo \"error: The sandbox is not in sync with the Podfile.lock. Run 'pod install' or update your CocoaPods installation.\" >&2\n    exit 1\nfi\n# This output is used by Xcode 'outputs' to avoid re-running this script phase.\necho \"SUCCESS\" > \"${SCRIPT_OUTPUT_FILE_0}\"\n";
			showEnvVarsInLog = 0;
		};
		C38B50BA6285516D6DCD4F65 /* [CP] Check Pods Manifest.lock */ = {
			isa = PBXShellScriptBuildPhase;
			buildActionMask = 2147483647;
			files = (
			);
			inputFileListPaths = (
			);
			inputPaths = (
				"${PODS_PODFILE_DIR_PATH}/Podfile.lock",
				"${PODS_ROOT}/Manifest.lock",
			);
			name = "[CP] Check Pods Manifest.lock";
			outputFileListPaths = (
			);
			outputPaths = (
				"$(DERIVED_FILE_DIR)/Pods-SimpleNews-checkManifestLockResult.txt",
			);
			runOnlyForDeploymentPostprocessing = 0;
			shellPath = /bin/sh;
			shellScript = "diff \"${PODS_PODFILE_DIR_PATH}/Podfile.lock\" \"${PODS_ROOT}/Manifest.lock\" > /dev/null\nif [ $? != 0 ] ; then\n    # print error to STDERR\n    echo \"error: The sandbox is not in sync with the Podfile.lock. Run 'pod install' or update your CocoaPods installation.\" >&2\n    exit 1\nfi\n# This output is used by Xcode 'outputs' to avoid re-running this script phase.\necho \"SUCCESS\" > \"${SCRIPT_OUTPUT_FILE_0}\"\n";
			showEnvVarsInLog = 0;
		};
		C59DA0FBD6956966B86A3779 /* [CP] Embed Pods Frameworks */ = {
			isa = PBXShellScriptBuildPhase;
			buildActionMask = 2147483647;
			files = (
			);
			inputFileListPaths = (
				"${PODS_ROOT}/Target Support Files/Pods-SimpleNews-SimpleNewsTests/Pods-SimpleNews-SimpleNewsTests-frameworks-${CONFIGURATION}-input-files.xcfilelist",
			);
			name = "[CP] Embed Pods Frameworks";
			outputFileListPaths = (
				"${PODS_ROOT}/Target Support Files/Pods-SimpleNews-SimpleNewsTests/Pods-SimpleNews-SimpleNewsTests-frameworks-${CONFIGURATION}-output-files.xcfilelist",
			);
			runOnlyForDeploymentPostprocessing = 0;
			shellPath = /bin/sh;
			shellScript = "\"${PODS_ROOT}/Target Support Files/Pods-SimpleNews-SimpleNewsTests/Pods-SimpleNews-SimpleNewsTests-frameworks.sh\"\n";
			showEnvVarsInLog = 0;
		};
		E235C05ADACE081382539298 /* [CP] Copy Pods Resources */ = {
			isa = PBXShellScriptBuildPhase;
			buildActionMask = 2147483647;
			files = (
			);
			inputFileListPaths = (
				"${PODS_ROOT}/Target Support Files/Pods-SimpleNews/Pods-SimpleNews-resources-${CONFIGURATION}-input-files.xcfilelist",
			);
			name = "[CP] Copy Pods Resources";
			outputFileListPaths = (
				"${PODS_ROOT}/Target Support Files/Pods-SimpleNews/Pods-SimpleNews-resources-${CONFIGURATION}-output-files.xcfilelist",
			);
			runOnlyForDeploymentPostprocessing = 0;
			shellPath = /bin/sh;
			shellScript = "\"${PODS_ROOT}/Target Support Files/Pods-SimpleNews/Pods-SimpleNews-resources.sh\"\n";
			showEnvVarsInLog = 0;
		};
		F6A41C54EA430FDDC6A6ED99 /* [CP] Copy Pods Resources */ = {
			isa = PBXShellScriptBuildPhase;
			buildActionMask = 2147483647;
			files = (
			);
			inputFileListPaths = (
				"${PODS_ROOT}/Target Support Files/Pods-SimpleNews-SimpleNewsTests/Pods-SimpleNews-SimpleNewsTests-resources-${CONFIGURATION}-input-files.xcfilelist",
			);
			name = "[CP] Copy Pods Resources";
			outputFileListPaths = (
				"${PODS_ROOT}/Target Support Files/Pods-SimpleNews-SimpleNewsTests/Pods-SimpleNews-SimpleNewsTests-resources-${CONFIGURATION}-output-files.xcfilelist",
			);
			runOnlyForDeploymentPostprocessing = 0;
			shellPath = /bin/sh;
			shellScript = "\"${PODS_ROOT}/Target Support Files/Pods-SimpleNews-SimpleNewsTests/Pods-SimpleNews-SimpleNewsTests-resources.sh\"\n";
			showEnvVarsInLog = 0;
		};
/* End PBXShellScriptBuildPhase section */

/* Begin PBXSourcesBuildPhase section */
		00E356EA1AD99517003FC87E /* Sources */ = {
			isa = PBXSourcesBuildPhase;
			buildActionMask = 2147483647;
			files = (
				00E356F31AD99517003FC87E /* SimpleNewsTests.m in Sources */,
			);
			runOnlyForDeploymentPostprocessing = 0;
		};
		13B07F871A680F5B00A75B9A /* Sources */ = {
			isa = PBXSourcesBuildPhase;
			buildActionMask = 2147483647;
			files = (
				13B07FBC1A68108700A75B9A /* AppDelegate.mm in Sources */,
				13B07FC11A68108700A75B9A /* main.m in Sources */,
			);
			runOnlyForDeploymentPostprocessing = 0;
		};
/* End PBXSourcesBuildPhase section */

/* Begin PBXTargetDependency section */
		00E356F51AD99517003FC87E /* PBXTargetDependency */ = {
			isa = PBXTargetDependency;
			target = 13B07F861A680F5B00A75B9A /* SimpleNews */;
			targetProxy = 00E356F41AD99517003FC87E /* PBXContainerItemProxy */;
		};
/* End PBXTargetDependency section */

/* Begin XCBuildConfiguration section */
		00E356F61AD99517003FC87E /* Debug */ = {
			isa = XCBuildConfiguration;
			baseConfigurationReference = 5B7EB9410499542E8C5724F5 /* Pods-SimpleNews-SimpleNewsTests.debug.xcconfig */;
			buildSettings = {
				BUNDLE_LOADER = "$(TEST_HOST)";
				GCC_PREPROCESSOR_DEFINITIONS = (
					"DEBUG=1",
					"$(inherited)",
				);
				INFOPLIST_FILE = SimpleNewsTests/Info.plist;
				IPHONEOS_DEPLOYMENT_TARGET = 13.4;
				LD_RUNPATH_SEARCH_PATHS = (
					"$(inherited)",
					"@executable_path/Frameworks",
					"@loader_path/Frameworks",
				);
				OTHER_LDFLAGS = (
					"-ObjC",
					"-lc++",
					"$(inherited)",
				);
				PRODUCT_BUNDLE_IDENTIFIER = "org.reactjs.native.example.$(PRODUCT_NAME:rfc1034identifier)";
				PRODUCT_NAME = "$(TARGET_NAME)";
				TEST_HOST = "$(BUILT_PRODUCTS_DIR)/SimpleNews.app/SimpleNews";
			};
			name = Debug;
		};
		00E356F71AD99517003FC87E /* Release */ = {
			isa = XCBuildConfiguration;
			baseConfigurationReference = 89C6BE57DB24E9ADA2F236DE /* Pods-SimpleNews-SimpleNewsTests.release.xcconfig */;
			buildSettings = {
				BUNDLE_LOADER = "$(TEST_HOST)";
				COPY_PHASE_STRIP = NO;
				INFOPLIST_FILE = SimpleNewsTests/Info.plist;
				IPHONEOS_DEPLOYMENT_TARGET = 13.4;
				LD_RUNPATH_SEARCH_PATHS = (
					"$(inherited)",
					"@executable_path/Frameworks",
					"@loader_path/Frameworks",
				);
				OTHER_LDFLAGS = (
					"-ObjC",
					"-lc++",
					"$(inherited)",
				);
				PRODUCT_BUNDLE_IDENTIFIER = "org.reactjs.native.example.$(PRODUCT_NAME:rfc1034identifier)";
				PRODUCT_NAME = "$(TARGET_NAME)";
				TEST_HOST = "$(BUILT_PRODUCTS_DIR)/SimpleNews.app/SimpleNews";
			};
			name = Release;
		};
		13B07F941A680F5B00A75B9A /* Debug */ = {
			isa = XCBuildConfiguration;
			baseConfigurationReference = 3B4392A12AC88292D35C810B /* Pods-SimpleNews.debug.xcconfig */;
			buildSettings = {
				ASSETCATALOG_COMPILER_APPICON_NAME = AppIcon;
				CLANG_ENABLE_MODULES = YES;
				CURRENT_PROJECT_VERSION = 1;
				DEVELOPMENT_TEAM = 757KZK47PP;
				ENABLE_BITCODE = NO;
				INFOPLIST_FILE = SimpleNews/Info.plist;
				LD_RUNPATH_SEARCH_PATHS = (
					"$(inherited)",
					"@executable_path/Frameworks",
				);
				MARKETING_VERSION = 1.0;
				OTHER_LDFLAGS = (
					"$(inherited)",
					"-ObjC",
					"-lc++",
				);
				PRODUCT_BUNDLE_IDENTIFIER = "org.reactjs.native.example.$(PRODUCT_NAME:rfc1034identifier)";
				PRODUCT_NAME = SimpleNews;
				SWIFT_OPTIMIZATION_LEVEL = "-Onone";
				SWIFT_VERSION = 5.0;
				VERSIONING_SYSTEM = "apple-generic";
			};
			name = Debug;
		};
		13B07F951A680F5B00A75B9A /* Release */ = {
			isa = XCBuildConfiguration;
			baseConfigurationReference = 5709B34CF0A7D63546082F79 /* Pods-SimpleNews.release.xcconfig */;
			buildSettings = {
				ASSETCATALOG_COMPILER_APPICON_NAME = AppIcon;
				CLANG_ENABLE_MODULES = YES;
				CURRENT_PROJECT_VERSION = 1;
				DEVELOPMENT_TEAM = 757KZK47PP;
				INFOPLIST_FILE = SimpleNews/Info.plist;
				LD_RUNPATH_SEARCH_PATHS = (
					"$(inherited)",
					"@executable_path/Frameworks",
				);
				MARKETING_VERSION = 1.0;
				OTHER_LDFLAGS = (
					"$(inherited)",
					"-ObjC",
					"-lc++",
				);
				PRODUCT_BUNDLE_IDENTIFIER = "org.reactjs.native.example.$(PRODUCT_NAME:rfc1034identifier)";
				PRODUCT_NAME = SimpleNews;
				SWIFT_VERSION = 5.0;
				VERSIONING_SYSTEM = "apple-generic";
			};
			name = Release;
		};
		83CBBA201A601CBA00E9B192 /* Debug */ = {
			isa = XCBuildConfiguration;
			buildSettings = {
				ALWAYS_SEARCH_USER_PATHS = NO;
				CC = "";
				CLANG_ANALYZER_LOCALIZABILITY_NONLOCALIZED = YES;
				CLANG_CXX_LANGUAGE_STANDARD = "c++20";
				CLANG_CXX_LIBRARY = "libc++";
				CLANG_ENABLE_MODULES = YES;
				CLANG_ENABLE_OBJC_ARC = YES;
				CLANG_WARN_BLOCK_CAPTURE_AUTORELEASING = YES;
				CLANG_WARN_BOOL_CONVERSION = YES;
				CLANG_WARN_COMMA = YES;
				CLANG_WARN_CONSTANT_CONVERSION = YES;
				CLANG_WARN_DEPRECATED_OBJC_IMPLEMENTATIONS = YES;
				CLANG_WARN_DIRECT_OBJC_ISA_USAGE = YES_ERROR;
				CLANG_WARN_EMPTY_BODY = YES;
				CLANG_WARN_ENUM_CONVERSION = YES;
				CLANG_WARN_INFINITE_RECURSION = YES;
				CLANG_WARN_INT_CONVERSION = YES;
				CLANG_WARN_NON_LITERAL_NULL_CONVERSION = YES;
				CLANG_WARN_OBJC_IMPLICIT_RETAIN_SELF = YES;
				CLANG_WARN_OBJC_LITERAL_CONVERSION = YES;
				CLANG_WARN_OBJC_ROOT_CLASS = YES_ERROR;
				CLANG_WARN_QUOTED_INCLUDE_IN_FRAMEWORK_HEADER = YES;
				CLANG_WARN_RANGE_LOOP_ANALYSIS = YES;
				CLANG_WARN_STRICT_PROTOTYPES = YES;
				CLANG_WARN_SUSPICIOUS_MOVE = YES;
				CLANG_WARN_UNREACHABLE_CODE = YES;
				CLANG_WARN__DUPLICATE_METHOD_MATCH = YES;
				"CODE_SIGN_IDENTITY[sdk=iphoneos*]" = "iPhone Developer";
				COPY_PHASE_STRIP = NO;
				CXX = "";
				ENABLE_STRICT_OBJC_MSGSEND = YES;
				ENABLE_TESTABILITY = YES;
				"EXCLUDED_ARCHS[sdk=iphonesimulator*]" = "";
				GCC_C_LANGUAGE_STANDARD = gnu99;
				GCC_DYNAMIC_NO_PIC = NO;
				GCC_NO_COMMON_BLOCKS = YES;
				GCC_OPTIMIZATION_LEVEL = 0;
				GCC_PREPROCESSOR_DEFINITIONS = (
					"DEBUG=1",
					"$(inherited)",
				);
				GCC_SYMBOLS_PRIVATE_EXTERN = NO;
				GCC_WARN_64_TO_32_BIT_CONVERSION = YES;
				GCC_WARN_ABOUT_RETURN_TYPE = YES_ERROR;
				GCC_WARN_UNDECLARED_SELECTOR = YES;
				GCC_WARN_UNINITIALIZED_AUTOS = YES_AGGRESSIVE;
				GCC_WARN_UNUSED_FUNCTION = YES;
				GCC_WARN_UNUSED_VARIABLE = YES;
				IPHONEOS_DEPLOYMENT_TARGET = 13.4;
				LD = "";
				LDPLUSPLUS = "";
				LD_RUNPATH_SEARCH_PATHS = (
					/usr/lib/swift,
					"$(inherited)",
				);
				LIBRARY_SEARCH_PATHS = (
					"\"$(SDKROOT)/usr/lib/swift\"",
					"\"$(TOOLCHAIN_DIR)/usr/lib/swift/$(PLATFORM_NAME)\"",
					"\"$(inherited)\"",
				);
				MTL_ENABLE_DEBUG_INFO = YES;
				ONLY_ACTIVE_ARCH = YES;
				OTHER_CPLUSPLUSFLAGS = (
					"$(OTHER_CFLAGS)",
					"-DFOLLY_NO_CONFIG",
					"-DFOLLY_MOBILE=1",
					"-DFOLLY_USE_LIBCPP=1",
					"-DFOLLY_CFG_NO_COROUTINES=1",
					"-DFOLLY_HAVE_CLOCK_GETTIME=1",
				);
				OTHER_LDFLAGS = (
					"$(inherited)",
					" ",
				);
				REACT_NATIVE_PATH = "${PODS_ROOT}/../../node_modules/react-native";
				SDKROOT = iphoneos;
				USE_HERMES = true;
			};
			name = Debug;
		};
		83CBBA211A601CBA00E9B192 /* Release */ = {
			isa = XCBuildConfiguration;
			buildSettings = {
				ALWAYS_SEARCH_USER_PATHS = NO;
				CC = "";
				CLANG_ANALYZER_LOCALIZABILITY_NONLOCALIZED = YES;
				CLANG_CXX_LANGUAGE_STANDARD = "c++20";
				CLANG_CXX_LIBRARY = "libc++";
				CLANG_ENABLE_MODULES = YES;
				CLANG_ENABLE_OBJC_ARC = YES;
				CLANG_WARN_BLOCK_CAPTURE_AUTORELEASING = YES;
				CLANG_WARN_BOOL_CONVERSION = YES;
				CLANG_WARN_COMMA = YES;
				CLANG_WARN_CONSTANT_CONVERSION = YES;
				CLANG_WARN_DEPRECATED_OBJC_IMPLEMENTATIONS = YES;
				CLANG_WARN_DIRECT_OBJC_ISA_USAGE = YES_ERROR;
				CLANG_WARN_EMPTY_BODY = YES;
				CLANG_WARN_ENUM_CONVERSION = YES;
				CLANG_WARN_INFINITE_RECURSION = YES;
				CLANG_WARN_INT_CONVERSION = YES;
				CLANG_WARN_NON_LITERAL_NULL_CONVERSION = YES;
				CLANG_WARN_OBJC_IMPLICIT_RETAIN_SELF = YES;
				CLANG_WARN_OBJC_LITERAL_CONVERSION = YES;
				CLANG_WARN_OBJC_ROOT_CLASS = YES_ERROR;
				CLANG_WARN_QUOTED_INCLUDE_IN_FRAMEWORK_HEADER = YES;
				CLANG_WARN_RANGE_LOOP_ANALYSIS = YES;
				CLANG_WARN_STRICT_PROTOTYPES = YES;
				CLANG_WARN_SUSPICIOUS_MOVE = YES;
				CLANG_WARN_UNREACHABLE_CODE = YES;
				CLANG_WARN__DUPLICATE_METHOD_MATCH = YES;
				"CODE_SIGN_IDENTITY[sdk=iphoneos*]" = "iPhone Developer";
				COPY_PHASE_STRIP = YES;
				CXX = "";
				ENABLE_NS_ASSERTIONS = NO;
				ENABLE_STRICT_OBJC_MSGSEND = YES;
				"EXCLUDED_ARCHS[sdk=iphonesimulator*]" = "";
				GCC_C_LANGUAGE_STANDARD = gnu99;
				GCC_NO_COMMON_BLOCKS = YES;
				GCC_WARN_64_TO_32_BIT_CONVERSION = YES;
				GCC_WARN_ABOUT_RETURN_TYPE = YES_ERROR;
				GCC_WARN_UNDECLARED_SELECTOR = YES;
				GCC_WARN_UNINITIALIZED_AUTOS = YES_AGGRESSIVE;
				GCC_WARN_UNUSED_FUNCTION = YES;
				GCC_WARN_UNUSED_VARIABLE = YES;
				IPHONEOS_DEPLOYMENT_TARGET = 13.4;
				LD = "";
				LDPLUSPLUS = "";
				LD_RUNPATH_SEARCH_PATHS = (
					/usr/lib/swift,
					"$(inherited)",
				);
				LIBRARY_SEARCH_PATHS = (
					"\"$(SDKROOT)/usr/lib/swift\"",
					"\"$(TOOLCHAIN_DIR)/usr/lib/swift/$(PLATFORM_NAME)\"",
					"\"$(inherited)\"",
				);
				MTL_ENABLE_DEBUG_INFO = NO;
				OTHER_CPLUSPLUSFLAGS = (
					"$(OTHER_CFLAGS)",
					"-DFOLLY_NO_CONFIG",
					"-DFOLLY_MOBILE=1",
					"-DFOLLY_USE_LIBCPP=1",
					"-DFOLLY_CFG_NO_COROUTINES=1",
					"-DFOLLY_HAVE_CLOCK_GETTIME=1",
				);
				OTHER_LDFLAGS = (
					"$(inherited)",
					" ",
				);
				REACT_NATIVE_PATH = "${PODS_ROOT}/../../node_modules/react-native";
				SDKROOT = iphoneos;
				USE_HERMES = true;
				VALIDATE_PRODUCT = YES;
			};
			name = Release;
		};
/* End XCBuildConfiguration section */

/* Begin XCConfigurationList section */
		00E357021AD99517003FC87E /* Build configuration list for PBXNativeTarget "SimpleNewsTests" */ = {
			isa = XCConfigurationList;
			buildConfigurations = (
				00E356F61AD99517003FC87E /* Debug */,
				00E356F71AD99517003FC87E /* Release */,
			);
			defaultConfigurationIsVisible = 0;
			defaultConfigurationName = Release;
		};
		13B07F931A680F5B00A75B9A /* Build configuration list for PBXNativeTarget "SimpleNews" */ = {
			isa = XCConfigurationList;
			buildConfigurations = (
				13B07F941A680F5B00A75B9A /* Debug */,
				13B07F951A680F5B00A75B9A /* Release */,
			);
			defaultConfigurationIsVisible = 0;
			defaultConfigurationName = Release;
		};
		83CBB9FA1A601CBA00E9B192 /* Build configuration list for PBXProject "SimpleNews" */ = {
			isa = XCConfigurationList;
			buildConfigurations = (
				83CBBA201A601CBA00E9B192 /* Debug */,
				83CBBA211A601CBA00E9B192 /* Release */,
			);
			defaultConfigurationIsVisible = 0;
			defaultConfigurationName = Release;
		};
/* End XCConfigurationList section */
	};
	rootObject = 83CBB9F71A601CBA00E9B192 /* Project object */;
}
